
Microsoft Visual Studio Solution File, Format Version 12.00
# Visual Studio Version 16
VisualStudioVersion = 16.0.28922.388
MinimumVisualStudioVersion = 10.0.40219.1
Project("{9A19103F-16F7-4668-BE54-9A1E7A4F7556}") = "MvcCookieAuthSample", "MvcCookieAuthSample.csproj", "{13181E8B-D564-41F8-AC35-AAA29295AE81}"
EndProject
Global
	GlobalSection(SolutionConfigurationPlatforms) = preSolution
		Debug|Any CPU = Debug|Any CPU
		Release|Any CPU = Release|Any CPU
	EndGlobalSection
	GlobalSection(ProjectConfigurationPlatforms) = postSolution
		{13181E8B-D564-41F8-AC35-AAA29295AE81}.Debug|Any CPU.ActiveCfg = Debug|Any CPU
		{13181E8B-D564-41F8-AC35-AAA29295AE81}.Debug|Any CPU.Build.0 = Debug|Any CPU
		{13181E8B-D564-41F8-AC35-AAA29295AE81}.Release|Any CPU.ActiveCfg = Release|Any CPU
		{13181E8B-D564-41F8-AC35-AAA29295AE81}.Release|Any CPU.Build.0 = Release|Any CPU
	EndGlobalSection
	GlobalSection(SolutionProperties) = preSolution
		HideSolutionNode = FALSE
	EndGlobalSection
	GlobalSection(ExtensibilityGlobals) = postSolution
		SolutionGuid = {87BDEEBF-D1DB-4019-82DB-A62DAF566FC4}
	EndGlobalSection
EndGlobal
